{
  "meteor": {},
  "dependencies": {
    "basePackages": {
      "bootstrap-3": {},
      "iron-router": {},
      "bootstrap-wysiwyg": {},
      "roles": {},
      "font-awesome": {},
      "event-hooks": {},
      "font-awesome-4": {},
      "bootstrap3-less": {},
      "fork-me": {
        "git": "https://github.com/awatson1978/fork-me.git",
        "branch": "master"
      },
      "reactive-overlays": {
        "git": "https://github.com/awatson1978/reactive-overlays.git",
        "branch": "master"
      },
      "moment": {}
    },
    "packages": {
      "bootstrap-3": {
        "git": "https://github.com/mangasocial/meteor-bootstrap-3.git",
        "tag": "v0.3.7",
        "commit": "5dd0d142c870647b910be80bc777b96f0dd45e5e"
      },
      "iron-router": {
        "git": "https://github.com/EventedMind/iron-router.git",
        "tag": "v0.6.1",
        "commit": "4e1ee0581d68bff422a915dacb0bd30eae10fe08"
      },
      "bootstrap-wysiwyg": {
        "git": "https://github.com/mcrider/meteor-bootstrap-wysiwyg.git",
        "tag": "v0.1.0",
        "commit": "b9b1ffadb42b8bbfade08aaea10e4fbe890d21dd"
      },
      "roles": {
        "git": "https://github.com/alanning/meteor-roles.git",
        "tag": "v1.1.1",
        "commit": "b6080b89885c02af228c62576f5ba48b95f715c6"
      },
      "font-awesome": {
        "git": "https://github.com/nate-strauser/meteor-font-awesome.git",
        "tag": "v4.0.3",
        "commit": "61e9361384347547ae144f8228faa4deffda23db"
      },
      "event-hooks": {
        "git": "https://github.com/BenjaminRH/meteor-event-hooks.git",
        "tag": "v1.4.3",
        "commit": "ba4f3d7887748458618d29615492906f0c88d31c"
      },
      "font-awesome-4": {
        "git": "https://github.com/michaelbishop/meteor-font-awesome-4.git",
        "tag": "v4.0.0",
        "commit": "c28b5a0f2a2bd233c495642b40a167eda95172f5"
      },
      "bootstrap3-less": {
        "git": "https://github.com/eprochasson/bootstrap3-less",
        "tag": "v0.1.5",
        "commit": "5074432c020ffc7a676a812e92104ce0fa96080f"
      },
      "fork-me": {
        "git": "https://github.com/awatson1978/fork-me.git",
        "branch": "master",
        "commit": "ad7c0f1d52a7001e621a5b0a5a7955ce4b5bd837"
      },
      "reactive-overlays": {
        "git": "https://github.com/awatson1978/reactive-overlays.git",
        "branch": "master",
        "commit": "3ea707348fa5f7eee16143ab3c058bdfefa235c7"
      },
      "moment": {
        "git": "https://github.com/acreeger/meteor-moment.git",
        "tag": "v2.2.1",
        "commit": "9ee12e714afe56b189f53076447b7b54f3012065"
      }
    }
  }
}
