{
  "meteor": {},
  "dependencies": {
    "basePackages": {
      "bootstrap-3": {},
      "iron-router": {},
      "bootstrap-wysiwyg": {},
      "roles": {},
      "font-awesome": {},
      "event-hooks": {},
      "bootstrap3-less": {},
      "fork-me": {
        "git": "https://github.com/awatson1978/fork-me.git",
        "branch": "master"
      },
      "reactive-overlays": {
        "git": "https://github.com/awatson1978/reactive-overlays.git",
        "branch": "master"
      },
      "moment": {}
    },
    "packages": {
      "bootstrap-3": {
        "git": "https://github.com/mangasocial/meteor-bootstrap-3.git",
        "tag": "v3.1.1-1",
        "commit": "63dd38968828bb8963636df93e9a1c45e2dfe67e"
      },
      "iron-router": {
        "git": "https://github.com/EventedMind/iron-router.git",
        "tag": "v0.7.1",
        "commit": "d1ffb3f06ea4c112132b030f2eb1a70b81675ecb"
      },
      "bootstrap-wysiwyg": {
        "git": "https://github.com/mcrider/meteor-bootstrap-wysiwyg.git",
        "tag": "v0.1.0",
        "commit": "b9b1ffadb42b8bbfade08aaea10e4fbe890d21dd"
      },
      "roles": {
        "git": "https://github.com/alanning/meteor-roles.git",
        "tag": "v1.2.8",
        "commit": "68844ba216c348d332bdb840825850f497f515bb"
      },
      "font-awesome": {
        "git": "https://github.com/nate-strauser/meteor-font-awesome.git",
        "tag": "v4.0.3",
        "commit": "61e9361384347547ae144f8228faa4deffda23db"
      },
      "event-hooks": {
        "git": "https://github.com/BenjaminRH/meteor-event-hooks.git",
        "tag": "v1.4.3",
        "commit": "ba4f3d7887748458618d29615492906f0c88d31c"
      },
      "bootstrap3-less": {
        "git": "https://github.com/eprochasson/bootstrap3-less",
        "tag": "v0.1.9",
        "commit": "5c812c4d7ce72917a065f0424c3cf54e5ff2d16a"
      },
      "fork-me": {
        "git": "https://github.com/awatson1978/fork-me.git",
        "branch": "master",
        "commit": "ad7c0f1d52a7001e621a5b0a5a7955ce4b5bd837"
      },
      "reactive-overlays": {
        "git": "https://github.com/awatson1978/reactive-overlays.git",
        "branch": "master",
        "commit": "3ea707348fa5f7eee16143ab3c058bdfefa235c7"
      },
      "moment": {
        "git": "https://github.com/acreeger/meteor-moment.git",
        "tag": "v2.5.1",
        "commit": "8c9bc5d3fc96705057737cb9743d555417f6e551"
      },
      "blaze-layout": {
        "git": "https://github.com/EventedMind/blaze-layout.git",
        "tag": "v0.2.4",
        "commit": "b40e9b0612329288d75cf52ad14a7da64bb8618f"
      }
    }
  }
}
